<?xml version="1.0" encoding="utf-8"?>
<Project ToolsVersion="4.0" xmlns="http://schemas.microsoft.com/developer/msbuild/2003">
  <ItemGroup>
    <Filter Include="资源文件">
      <UniqueIdentifier>{67DA6AB6-F800-4c08-8B7A-83BB121AAD01}</UniqueIdentifier>
      <Extensions>rc;ico;cur;bmp;dlg;rc2;rct;bin;rgs;gif;jpg;jpeg;jpe;resx;tiff;tif;png;wav;mfcribbon-ms</Extensions>
    </Filter>
    <Filter Include="APP">
      <UniqueIdentifier>{b5cea80f-9c7d-4c79-a3ef-1b94bddb01b6}</UniqueIdentifier>
    </Filter>
    <Filter Include="BSP">
      <UniqueIdentifier>{01977da8-927b-480d-b235-a3122d824e51}</UniqueIdentifier>
    </Filter>
    <Filter Include="TFT">
      <UniqueIdentifier>{7d43d3a1-d865-4271-b2c1-f107b6592098}</UniqueIdentifier>
    </Filter>
    <Filter Include="Touch">
      <UniqueIdentifier>{f865fe72-615d-41eb-b33c-d340b1c2fc94}</UniqueIdentifier>
    </Filter>
    <Filter Include="uC-CPU">
      <UniqueIdentifier>{0ec5118a-afd8-4afd-8050-df9a7dc69fbc}</UniqueIdentifier>
    </Filter>
    <Filter Include="uC-CPU\ARM-Cortex-M3">
      <UniqueIdentifier>{7c873f9a-0d14-49a0-aadd-136d246cca82}</UniqueIdentifier>
    </Filter>
    <Filter Include="uC-LIB">
      <UniqueIdentifier>{6dfba8ea-b943-4544-a763-6e7eee557e9f}</UniqueIdentifier>
    </Filter>
    <Filter Include="uC-LIB\Ports">
      <UniqueIdentifier>{8adfa40d-85fb-4993-9cdc-9130998ba2a8}</UniqueIdentifier>
    </Filter>
    <Filter Include="uCOS-II">
      <UniqueIdentifier>{0910bb00-93ea-4907-b00f-049b01652094}</UniqueIdentifier>
    </Filter>
    <Filter Include="uCOS-II\Ports">
      <UniqueIdentifier>{10160161-1f86-4128-b3b1-7d0ffb1bd582}</UniqueIdentifier>
    </Filter>
    <Filter Include="uCOS-II\Source">
      <UniqueIdentifier>{d83c2430-674b-41c5-a80c-3c452bced569}</UniqueIdentifier>
    </Filter>
    <Filter Include="usart">
      <UniqueIdentifier>{73bf85f0-518b-4aa2-a9cf-a1a8e8e6b1cd}</UniqueIdentifier>
    </Filter>
    <Filter Include="GUIinc">
      <UniqueIdentifier>{ffd533b4-915e-40b7-9f31-d1e2800290dd}</UniqueIdentifier>
    </Filter>
    <Filter Include="uCGUIConfig">
      <UniqueIdentifier>{8c3b7f09-4c49-4cca-99b5-7588fda4731a}</UniqueIdentifier>
    </Filter>
    <Filter Include="uCGUIDemo">
      <UniqueIdentifier>{75b0eae9-05c1-48ca-8fc1-a73b21c85e84}</UniqueIdentifier>
    </Filter>
    <Filter Include="uCOS-IIGUI_X">
      <UniqueIdentifier>{65605236-2a64-446e-898c-dc0adc30d380}</UniqueIdentifier>
    </Filter>
  </ItemGroup>
  <ItemGroup>
    <ClCompile Include="..\..\..\APP\app.c">
      <Filter>APP</Filter>
    </ClCompile>
    <ClCompile Include="..\..\..\BSP\bsp.c">
      <Filter>BSP</Filter>
    </ClCompile>
    <ClCompile Include="..\..\..\BSP\bsp_int.c">
      <Filter>BSP</Filter>
    </ClCompile>
    <ClCompile Include="..\..\..\usart\Com.c">
      <Filter>usart</Filter>
    </ClCompile>
    <ClCompile Include="..\..\..\uCOS-II\Source\os_core.c">
      <Filter>uCOS-II\Source</Filter>
    </ClCompile>
    <ClCompile Include="..\..\..\uCOS-II\Source\os_flag.c">
      <Filter>uCOS-II\Source</Filter>
    </ClCompile>
    <ClCompile Include="..\..\..\uCOS-II\Source\os_mbox.c">
      <Filter>uCOS-II\Source</Filter>
    </ClCompile>
    <ClCompile Include="..\..\..\uCOS-II\Source\os_mem.c">
      <Filter>uCOS-II\Source</Filter>
    </ClCompile>
    <ClCompile Include="..\..\..\uCOS-II\Source\os_mutex.c">
      <Filter>uCOS-II\Source</Filter>
    </ClCompile>
    <ClCompile Include="..\..\..\uCOS-II\Source\os_q.c">
      <Filter>uCOS-II\Source</Filter>
    </ClCompile>
    <ClCompile Include="..\..\..\uCOS-II\Source\os_sem.c">
      <Filter>uCOS-II\Source</Filter>
    </ClCompile>
    <ClCompile Include="..\..\..\uCOS-II\Source\os_task.c">
      <Filter>uCOS-II\Source</Filter>
    </ClCompile>
    <ClCompile Include="..\..\..\uCOS-II\Source\os_time.c">
      <Filter>uCOS-II\Source</Filter>
    </ClCompile>
    <ClCompile Include="..\..\..\uCOS-II\Source\os_tmr.c">
      <Filter>uCOS-II\Source</Filter>
    </ClCompile>
    <ClCompile Include="..\..\..\uCOS-II\Ports\os_cpu_c.c">
      <Filter>uCOS-II\Ports</Filter>
    </ClCompile>
    <ClCompile Include="..\..\..\uCOS-II\Ports\os_dbg.c">
      <Filter>uCOS-II\Ports</Filter>
    </ClCompile>
    <ClCompile Include="..\..\..\uC-LIB\lib_mem.c">
      <Filter>uC-LIB</Filter>
    </ClCompile>
    <ClCompile Include="..\..\..\uC-LIB\lib_str.c">
      <Filter>uC-LIB</Filter>
    </ClCompile>
    <ClCompile Include="..\..\..\uC-CPU\ARM-Cortex-M3\cpu_c.c">
      <Filter>uC-CPU\ARM-Cortex-M3</Filter>
    </ClCompile>
    <ClCompile Include="..\..\..\Touch\touch.c">
      <Filter>Touch</Filter>
    </ClCompile>
    <ClCompile Include="..\..\..\TFT\LCD_driver.c">
      <Filter>TFT</Filter>
    </ClCompile>
    <ClCompile Include="..\..\..\uCGUIDemo\dashboard.c">
      <Filter>uCGUIDemo</Filter>
    </ClCompile>
    <ClCompile Include="..\..\..\uCGUIDemo\GUIDEMO.c">
      <Filter>uCGUIDemo</Filter>
    </ClCompile>
    <ClCompile Include="..\..\..\uCGUIDemo\GUIDEMO_Automotive.c">
      <Filter>uCGUIDemo</Filter>
    </ClCompile>
    <ClCompile Include="..\..\..\uCGUIDemo\GUIDEMO_Bitmap.c">
      <Filter>uCGUIDemo</Filter>
    </ClCompile>
    <ClCompile Include="..\..\..\uCGUIDemo\GUIDEMO_Bitmap4bpp.c">
      <Filter>uCGUIDemo</Filter>
    </ClCompile>
    <ClCompile Include="..\..\..\uCGUIDemo\GUIDEMO_Circle.c">
      <Filter>uCGUIDemo</Filter>
    </ClCompile>
    <ClCompile Include="..\..\..\uCGUIDemo\GUIDEMO_ColorBar.c">
      <Filter>uCGUIDemo</Filter>
    </ClCompile>
    <ClCompile Include="..\..\..\uCGUIDemo\GUIDEMO_ColorList.c">
      <Filter>uCGUIDemo</Filter>
    </ClCompile>
    <ClCompile Include="..\..\..\uCGUIDemo\GUIDEMO_Cursor.c">
      <Filter>uCGUIDemo</Filter>
    </ClCompile>
    <ClCompile Include="..\..\..\uCGUIDemo\GUIDEMO_Dialog.c">
      <Filter>uCGUIDemo</Filter>
    </ClCompile>
    <ClCompile Include="..\..\..\uCGUIDemo\GUIDEMO_Font.c">
      <Filter>uCGUIDemo</Filter>
    </ClCompile>
    <ClCompile Include="..\..\..\uCGUIDemo\GUIDEMO_FrameWin.c">
      <Filter>uCGUIDemo</Filter>
    </ClCompile>
    <ClCompile Include="..\..\..\uCGUIDemo\GUIDEMO_Graph.c">
      <Filter>uCGUIDemo</Filter>
    </ClCompile>
    <ClCompile Include="..\..\..\uCGUIDemo\GUIDEMO_HardwareInfo.c">
      <Filter>uCGUIDemo</Filter>
    </ClCompile>
    <ClCompile Include="..\..\..\uCGUIDemo\GUIDEMO_Intro.c">
      <Filter>uCGUIDemo</Filter>
    </ClCompile>
    <ClCompile Include="..\..\..\uCGUIDemo\GUIDEMO_LUT.c">
      <Filter>uCGUIDemo</Filter>
    </ClCompile>
    <ClCompile Include="..\..\..\uCGUIDemo\GUIDEMO_MemDevB.c">
      <Filter>uCGUIDemo</Filter>
    </ClCompile>
    <ClCompile Include="..\..\..\uCGUIDemo\GUIDEMO_Messagebox.c">
      <Filter>uCGUIDemo</Filter>
    </ClCompile>
    <ClCompile Include="..\..\..\uCGUIDemo\GUIDEMO_Navi.c">
      <Filter>uCGUIDemo</Filter>
    </ClCompile>
    <ClCompile Include="..\..\..\uCGUIDemo\GUIDEMO_Polygon.c">
      <Filter>uCGUIDemo</Filter>
    </ClCompile>
    <ClCompile Include="..\..\..\uCGUIDemo\GUIDEMO_ProgBar.c">
      <Filter>uCGUIDemo</Filter>
    </ClCompile>
    <ClCompile Include="..\..\..\uCGUIDemo\GUIDEMO_Speed.c">
      <Filter>uCGUIDemo</Filter>
    </ClCompile>
    <ClCompile Include="..\..\..\uCGUIDemo\GUIDEMO_Touch.c">
      <Filter>uCGUIDemo</Filter>
    </ClCompile>
    <ClCompile Include="..\..\..\uCGUIDemo\GUIDEMO_WM.c">
      <Filter>uCGUIDemo</Filter>
    </ClCompile>
    <ClCompile Include="..\..\..\uCGUIDemo\MicriumLogo.c">
      <Filter>uCGUIDemo</Filter>
    </ClCompile>
    <ClCompile Include="..\..\..\uCGUIDemo\MicriumLogoWRed.c">
      <Filter>uCGUIDemo</Filter>
    </ClCompile>
    <ClCompile Include="..\..\..\uCGUIDemo\touch_sample.c">
      <Filter>uCGUIDemo</Filter>
    </ClCompile>
    <ClCompile Include="..\..\..\uCOS-IIGUI_X\GUI_X_Touch.c">
      <Filter>uCOS-IIGUI_X</Filter>
    </ClCompile>
    <ClCompile Include="..\..\..\uCOS-IIGUI_X\GUI_X_uCOS.c">
      <Filter>uCOS-IIGUI_X</Filter>
    </ClCompile>
  </ItemGroup>
  <ItemGroup>
    <ClInclude Include="..\..\..\APP\app_cfg.h">
      <Filter>APP</Filter>
    </ClInclude>
    <ClInclude Include="..\..\..\APP\BinType.h">
      <Filter>APP</Filter>
    </ClInclude>
    <ClInclude Include="..\..\..\APP\config.h">
      <Filter>APP</Filter>
    </ClInclude>
    <ClInclude Include="..\..\..\APP\includes.h">
      <Filter>APP</Filter>
    </ClInclude>
    <ClInclude Include="..\..\..\APP\MyType.h">
      <Filter>APP</Filter>
    </ClInclude>
    <ClInclude Include="..\..\..\APP\os_cfg.h">
      <Filter>APP</Filter>
    </ClInclude>
    <ClInclude Include="..\..\..\APP\STM32_Reg.h">
      <Filter>APP</Filter>
    </ClInclude>
    <ClInclude Include="..\..\..\BSP\bsp.h">
      <Filter>BSP</Filter>
    </ClInclude>
    <ClInclude Include="..\..\..\usart\COM.H">
      <Filter>usart</Filter>
    </ClInclude>
    <ClInclude Include="..\..\..\uCOS-II\Source\ucos_ii.h">
      <Filter>uCOS-II\Source</Filter>
    </ClInclude>
    <ClInclude Include="..\..\..\uCOS-II\Ports\os_cpu.h">
      <Filter>uCOS-II\Ports</Filter>
    </ClInclude>
    <ClInclude Include="..\..\..\uC-LIB\lib_def.h">
      <Filter>uC-LIB</Filter>
    </ClInclude>
    <ClInclude Include="..\..\..\uC-LIB\lib_mem.h">
      <Filter>uC-LIB</Filter>
    </ClInclude>
    <ClInclude Include="..\..\..\uC-LIB\lib_str.h">
      <Filter>uC-LIB</Filter>
    </ClInclude>
    <ClInclude Include="..\..\..\uC-CPU\cpu_def.h">
      <Filter>uC-CPU</Filter>
    </ClInclude>
    <ClInclude Include="..\..\..\uC-CPU\ARM-Cortex-M3\cpu.h">
      <Filter>uC-CPU\ARM-Cortex-M3</Filter>
    </ClInclude>
    <ClInclude Include="..\..\..\Touch\touch.h">
      <Filter>Touch</Filter>
    </ClInclude>
    <ClInclude Include="..\..\..\TFT\char.h">
      <Filter>TFT</Filter>
    </ClInclude>
    <ClInclude Include="..\..\..\TFT\chinese.h">
      <Filter>TFT</Filter>
    </ClInclude>
    <ClInclude Include="..\..\..\TFT\LCD_driver.h">
      <Filter>TFT</Filter>
    </ClInclude>
    <ClInclude Include="..\..\..\TFT\picture.h">
      <Filter>TFT</Filter>
    </ClInclude>
    <ClInclude Include="..\..\..\GUIinc\BUTTON.h">
      <Filter>GUIinc</Filter>
    </ClInclude>
    <ClInclude Include="..\..\..\GUIinc\BUTTON_Private.h">
      <Filter>GUIinc</Filter>
    </ClInclude>
    <ClInclude Include="..\..\..\GUIinc\CHECKBOX.h">
      <Filter>GUIinc</Filter>
    </ClInclude>
    <ClInclude Include="..\..\..\GUIinc\CHECKBOX_Private.h">
      <Filter>GUIinc</Filter>
    </ClInclude>
    <ClInclude Include="..\..\..\GUIinc\DIALOG.h">
      <Filter>GUIinc</Filter>
    </ClInclude>
    <ClInclude Include="..\..\..\GUIinc\DIALOG_Intern.h">
      <Filter>GUIinc</Filter>
    </ClInclude>
    <ClInclude Include="..\..\..\GUIinc\DROPDOWN.h">
      <Filter>GUIinc</Filter>
    </ClInclude>
    <ClInclude Include="..\..\..\GUIinc\DROPDOWN_Private.h">
      <Filter>GUIinc</Filter>
    </ClInclude>
    <ClInclude Include="..\..\..\GUIinc\EDIT.h">
      <Filter>GUIinc</Filter>
    </ClInclude>
    <ClInclude Include="..\..\..\GUIinc\EDIT_Private.h">
      <Filter>GUIinc</Filter>
    </ClInclude>
    <ClInclude Include="..\..\..\GUIinc\FRAMEWIN.h">
      <Filter>GUIinc</Filter>
    </ClInclude>
    <ClInclude Include="..\..\..\GUIinc\FRAMEWIN_Private.h">
      <Filter>GUIinc</Filter>
    </ClInclude>
    <ClInclude Include="..\..\..\GUIinc\GUI.h">
      <Filter>GUIinc</Filter>
    </ClInclude>
    <ClInclude Include="..\..\..\GUIinc\GUI_ARRAY.h">
      <Filter>GUIinc</Filter>
    </ClInclude>
    <ClInclude Include="..\..\..\GUIinc\GUI_ConfDefaults.h">
      <Filter>GUIinc</Filter>
    </ClInclude>
    <ClInclude Include="..\..\..\GUIinc\GUI_FontIntern.h">
      <Filter>GUIinc</Filter>
    </ClInclude>
    <ClInclude Include="..\..\..\GUIinc\GUI_HOOK.h">
      <Filter>GUIinc</Filter>
    </ClInclude>
    <ClInclude Include="..\..\..\GUIinc\GUI_Private.h">
      <Filter>GUIinc</Filter>
    </ClInclude>
    <ClInclude Include="..\..\..\GUIinc\GUI_Protected.h">
      <Filter>GUIinc</Filter>
    </ClInclude>
    <ClInclude Include="..\..\..\GUIinc\GUI_VNC.h">
      <Filter>GUIinc</Filter>
    </ClInclude>
    <ClInclude Include="..\..\..\GUIinc\GUI_X.h">
      <Filter>GUIinc</Filter>
    </ClInclude>
    <ClInclude Include="..\..\..\GUIinc\GUIDebug.h">
      <Filter>GUIinc</Filter>
    </ClInclude>
    <ClInclude Include="..\..\..\GUIinc\GUIType.h">
      <Filter>GUIinc</Filter>
    </ClInclude>
    <ClInclude Include="..\..\..\GUIinc\GUIVersion.h">
      <Filter>GUIinc</Filter>
    </ClInclude>
    <ClInclude Include="..\..\..\GUIinc\HEADER.h">
      <Filter>GUIinc</Filter>
    </ClInclude>
    <ClInclude Include="..\..\..\GUIinc\HEADER_Private.h">
      <Filter>GUIinc</Filter>
    </ClInclude>
    <ClInclude Include="..\..\..\GUIinc\jconfig.h">
      <Filter>GUIinc</Filter>
    </ClInclude>
    <ClInclude Include="..\..\..\GUIinc\jdct.h">
      <Filter>GUIinc</Filter>
    </ClInclude>
    <ClInclude Include="..\..\..\GUIinc\jdhuff.h">
      <Filter>GUIinc</Filter>
    </ClInclude>
    <ClInclude Include="..\..\..\GUIinc\jerror.h">
      <Filter>GUIinc</Filter>
    </ClInclude>
    <ClInclude Include="..\..\..\GUIinc\jinclude.h">
      <Filter>GUIinc</Filter>
    </ClInclude>
    <ClInclude Include="..\..\..\GUIinc\jmemsys.h">
      <Filter>GUIinc</Filter>
    </ClInclude>
    <ClInclude Include="..\..\..\GUIinc\jmorecfg.h">
      <Filter>GUIinc</Filter>
    </ClInclude>
    <ClInclude Include="..\..\..\GUIinc\jpegint.h">
      <Filter>GUIinc</Filter>
    </ClInclude>
    <ClInclude Include="..\..\..\GUIinc\jpeglib.h">
      <Filter>GUIinc</Filter>
    </ClInclude>
    <ClInclude Include="..\..\..\GUIinc\jversion.h">
      <Filter>GUIinc</Filter>
    </ClInclude>
    <ClInclude Include="..\..\..\GUIinc\LCD.h">
      <Filter>GUIinc</Filter>
    </ClInclude>
    <ClInclude Include="..\..\..\GUIinc\LCD_ConfDefaults.h">
      <Filter>GUIinc</Filter>
    </ClInclude>
    <ClInclude Include="..\..\..\GUIinc\LCD_IncludeDriver.h">
      <Filter>GUIinc</Filter>
    </ClInclude>
    <ClInclude Include="..\..\..\GUIinc\LCD_Private.h">
      <Filter>GUIinc</Filter>
    </ClInclude>
    <ClInclude Include="..\..\..\GUIinc\LCD_Protected.h">
      <Filter>GUIinc</Filter>
    </ClInclude>
    <ClInclude Include="..\..\..\GUIinc\LCDSIM.h">
      <Filter>GUIinc</Filter>
    </ClInclude>
    <ClInclude Include="..\..\..\GUIinc\LISTBOX.h">
      <Filter>GUIinc</Filter>
    </ClInclude>
    <ClInclude Include="..\..\..\GUIinc\LISTBOX_Private.h">
      <Filter>GUIinc</Filter>
    </ClInclude>
    <ClInclude Include="..\..\..\GUIinc\LISTVIEW.h">
      <Filter>GUIinc</Filter>
    </ClInclude>
    <ClInclude Include="..\..\..\GUIinc\LISTVIEW_Private.h">
      <Filter>GUIinc</Filter>
    </ClInclude>
    <ClInclude Include="..\..\..\GUIinc\MENU.h">
      <Filter>GUIinc</Filter>
    </ClInclude>
    <ClInclude Include="..\..\..\GUIinc\MENU_Private.h">
      <Filter>GUIinc</Filter>
    </ClInclude>
    <ClInclude Include="..\..\..\GUIinc\MESSAGEBOX.h">
      <Filter>GUIinc</Filter>
    </ClInclude>
    <ClInclude Include="..\..\..\GUIinc\MULTIEDIT.h">
      <Filter>GUIinc</Filter>
    </ClInclude>
    <ClInclude Include="..\..\..\GUIinc\MULTIPAGE.h">
      <Filter>GUIinc</Filter>
    </ClInclude>
    <ClInclude Include="..\..\..\GUIinc\MULTIPAGE_Private.h">
      <Filter>GUIinc</Filter>
    </ClInclude>
    <ClInclude Include="..\..\..\GUIinc\PROGBAR.h">
      <Filter>GUIinc</Filter>
    </ClInclude>
    <ClInclude Include="..\..\..\GUIinc\RADIO.h">
      <Filter>GUIinc</Filter>
    </ClInclude>
    <ClInclude Include="..\..\..\GUIinc\RADIO_Private.h">
      <Filter>GUIinc</Filter>
    </ClInclude>
    <ClInclude Include="..\..\..\GUIinc\SCROLLBAR.h">
      <Filter>GUIinc</Filter>
    </ClInclude>
    <ClInclude Include="..\..\..\GUIinc\SCROLLBAR_Private.h">
      <Filter>GUIinc</Filter>
    </ClInclude>
    <ClInclude Include="..\..\..\GUIinc\SLIDER.h">
      <Filter>GUIinc</Filter>
    </ClInclude>
    <ClInclude Include="..\..\..\GUIinc\TEXT.h">
      <Filter>GUIinc</Filter>
    </ClInclude>
    <ClInclude Include="..\..\..\GUIinc\TEXT_Private.h">
      <Filter>GUIinc</Filter>
    </ClInclude>
    <ClInclude Include="..\..\..\GUIinc\WIDGET.h">
      <Filter>GUIinc</Filter>
    </ClInclude>
    <ClInclude Include="..\..\..\GUIinc\WINDOW_Private.h">
      <Filter>GUIinc</Filter>
    </ClInclude>
    <ClInclude Include="..\..\..\GUIinc\WM.h">
      <Filter>GUIinc</Filter>
    </ClInclude>
    <ClInclude Include="..\..\..\GUIinc\WM_GUI.h">
      <Filter>GUIinc</Filter>
    </ClInclude>
    <ClInclude Include="..\..\..\GUIinc\WM_Intern.h">
      <Filter>GUIinc</Filter>
    </ClInclude>
    <ClInclude Include="..\..\..\GUIinc\WM_Intern_ConfDep.h">
      <Filter>GUIinc</Filter>
    </ClInclude>
    <ClInclude Include="..\..\..\uCGUIConfig\GUIConf.h">
      <Filter>uCGUIConfig</Filter>
    </ClInclude>
    <ClInclude Include="..\..\..\uCGUIConfig\GUITouchConf.h">
      <Filter>uCGUIConfig</Filter>
    </ClInclude>
    <ClInclude Include="..\..\..\uCGUIConfig\LCDConf.h">
      <Filter>uCGUIConfig</Filter>
    </ClInclude>
    <ClInclude Include="..\..\..\uCGUIDemo\GUIDEMO.h">
      <Filter>uCGUIDemo</Filter>
    </ClInclude>
    <ClInclude Include="..\..\..\uCGUIDemo\Map.h">
      <Filter>uCGUIDemo</Filter>
    </ClInclude>
  </ItemGroup>
  <ItemGroup>
    <None Include="..\..\..\BSP\init.s">
      <Filter>BSP</Filter>
    </None>
    <None Include="..\..\..\BSP\STM32_Flash.scat">
      <Filter>BSP</Filter>
    </None>
    <None Include="..\..\..\BSP\vectors.s">
      <Filter>BSP</Filter>
    </None>
    <None Include="..\..\..\uCOS-II\Ports\os_cpu_a.asm">
      <Filter>uCOS-II\Ports</Filter>
    </None>
    <None Include="..\..\..\uC-LIB\Ports\lib_mem_a.asm">
      <Filter>uC-LIB\Ports</Filter>
    </None>
    <None Include="..\..\..\uC-CPU\ARM-Cortex-M3\cpu_a.asm">
      <Filter>uC-CPU\ARM-Cortex-M3</Filter>
    </None>
  </ItemGroup>
</Project>